github.com/duizendstra/alexandria/go/retry v0.0.1 h1:NtF7LH6g5yvFUSzxtiA5an26s/CCKSH3HfMUBD/pxJU=
github.com/duizendstra/alexandria/go/retry v0.0.1/go.mod h1:h53W1EEE1Bj3IsN6jaqW5nEcLKDdEUOJYHEKU2LfDmM=
google.golang.org/api v0.288.0 h1:glhO/J88obKP5I269W3hB73dvBKrjU56ZfmNlNXpgTU=
google.golang.org/api v0.288.0/go.mod h1:lM2kYRzYUCBY91P9h6VF1PYmvhxii3O5hji37qRvIcY=
